
Microsoft Visual Studio Solution File, Format Version 9.00
# Visual Studio 2005
Project("{FAE04EC0-301F-11D3-BF4B-00C04F79EFBC}") = "Adapter", "Adapter\Adapter.csproj", "{1176F293-BD3F-4ECE-A1A9-84B1978F05ED}"
EndProject
Global
	GlobalSection(SolutionConfigurationPlatforms) = preSolution
		Debug|Any CPU = Debug|Any CPU
		Release|Any CPU = Release|Any CPU
	EndGlobalSection
	GlobalSection(ProjectConfigurationPlatforms) = postSolution
		{1176F293-BD3F-4ECE-A1A9-84B1978F05ED}.Debug|Any CPU.ActiveCfg = Debug|Any CPU
		{1176F293-BD3F-4ECE-A1A9-84B1978F05ED}.Debug|Any CPU.Build.0 = Debug|Any CPU
		{1176F293-BD3F-4ECE-A1A9-84B1978F05ED}.Release|Any CPU.ActiveCfg = Release|Any CPU
		{1176F293-BD3F-4ECE-A1A9-84B1978F05ED}.Release|Any CPU.Build.0 = Release|Any CPU
	EndGlobalSection
	GlobalSection(SolutionProperties) = preSolution
		HideSolutionNode = FALSE
	EndGlobalSection
EndGlobal
